
Microsoft Visual Studio Solution File, Format Version 12.00
# Visual Studio Version 17
VisualStudioVersion = 17.4.33122.133
MinimumVisualStudioVersion = 10.0.40219.1
Project("{9A19103F-16F7-4668-BE54-9A1E7A4F7556}") = "ZBlogAPI", "ZBlogAPI\ZBlogAPI.csproj", "{7FACE7A0-63D8-49CE-B751-75053C767AAE}"
EndProject
Project("{FAE04EC0-301F-11D3-BF4B-00C04F79EFBC}") = "ZBlogAPI.Test", "ZBlogAPI.Test\ZBlogAPI.Test.csproj", "{4A02D9D2-CF2D-45C8-BF0B-5CDD46B047C8}"
EndProject
Global
	GlobalSection(SolutionConfigurationPlatforms) = preSolution
		Debug|Any CPU = Debug|Any CPU
		Release|Any CPU = Release|Any CPU
	EndGlobalSection
	GlobalSection(ProjectConfigurationPlatforms) = postSolution
		{7FACE7A0-63D8-49CE-B751-75053C767AAE}.Debug|Any CPU.ActiveCfg = Debug|Any CPU
		{7FACE7A0-63D8-49CE-B751-75053C767AAE}.Debug|Any CPU.Build.0 = Debug|Any CPU
		{7FACE7A0-63D8-49CE-B751-75053C767AAE}.Release|Any CPU.ActiveCfg = Release|Any CPU
		{7FACE7A0-63D8-49CE-B751-75053C767AAE}.Release|Any CPU.Build.0 = Release|Any CPU
		{4A02D9D2-CF2D-45C8-BF0B-5CDD46B047C8}.Debug|Any CPU.ActiveCfg = Debug|Any CPU
		{4A02D9D2-CF2D-45C8-BF0B-5CDD46B047C8}.Debug|Any CPU.Build.0 = Debug|Any CPU
		{4A02D9D2-CF2D-45C8-BF0B-5CDD46B047C8}.Release|Any CPU.ActiveCfg = Release|Any CPU
		{4A02D9D2-CF2D-45C8-BF0B-5CDD46B047C8}.Release|Any CPU.Build.0 = Release|Any CPU
	EndGlobalSection
	GlobalSection(SolutionProperties) = preSolution
		HideSolutionNode = FALSE
	EndGlobalSection
	GlobalSection(ExtensibilityGlobals) = postSolution
		SolutionGuid = {1845247C-0CEE-462C-8E0D-627685DE271C}
	EndGlobalSection
EndGlobal
